
Microsoft Visual Studio Solution File, Format Version 11.00
# Visual Studio 2010
Project("{FAE04EC0-301F-11D3-BF4B-00C04F79EFBC}") = "BookReader", "BookReader\BookReader.csproj", "{81370445-9EE3-43F9-B11F-1A705203EF78}"
EndProject
Global
	GlobalSection(SolutionConfigurationPlatforms) = preSolution
		Debug|Any CPU = Debug|Any CPU
		Release|Any CPU = Release|Any CPU
	EndGlobalSection
	GlobalSection(ProjectConfigurationPlatforms) = postSolution
		{81370445-9EE3-43F9-B11F-1A705203EF78}.Debug|Any CPU.ActiveCfg = Debug|Any CPU
		{81370445-9EE3-43F9-B11F-1A705203EF78}.Debug|Any CPU.Build.0 = Debug|Any CPU
		{81370445-9EE3-43F9-B11F-1A705203EF78}.Release|Any CPU.ActiveCfg = Release|Any CPU
		{81370445-9EE3-43F9-B11F-1A705203EF78}.Release|Any CPU.Build.0 = Release|Any CPU
	EndGlobalSection
	GlobalSection(SolutionProperties) = preSolution
		HideSolutionNode = FALSE
	EndGlobalSection
EndGlobal
